{
  "version": 1,
  "dependencies": {
    "net10.0-windows7.0": {
      "System.Drawing.Common": {
        "type": "Direct",
        "requested": "[9.0.4, )",
        "resolved": "9.0.4",
        "contentHash": "SbtusMUT1bCxZ14904ZPo2GZyelze0rwUni9wXrp8KX9Zlsda8idqpxra1RBvOA85WM0wW+fCI4GLrlCTYiE6A==",
        "dependencies": {
          "Microsoft.Win32.SystemEvents": "9.0.4"
        }
      },
      "Microsoft.Win32.SystemEvents": {
        "type": "Transitive",
        "resolved": "9.0.4",
        "contentHash": "kHgtAkXhNEP8oGuAVe3Q5admxsdMlSdWE2rXcA9FfeGDZJQawPccmZgnOswgW3ugUPSJt7VH+TMQPz65mnhGSQ=="
      }
    }
  }
}