{
  "version": 1,
  "dependencies": {
    "net10.0-windows7.0": {
      "System.Management": {
        "type": "Transitive",
        "resolved": "10.0.12",
        "contentHash": "ApUsYmsNG8aPiMxsO6ROGZnqJwSZY8zeMlAQcuQg+ilPFUcIyBUC0BL8qA6wmPLNVsvL4nyhUrhhxh6qn0cx0Q=="
      },
      "helivms.licensing": {
        "type": "Project",
        "dependencies": {
          "HeliVMS.Shared": "[0.1.0, )",
          "System.Management": "[10.0.12, )"
        }
      },
      "helivms.shared": {
        "type": "Project"
      }
    }
  }
}